
Microsoft Visual Studio Solution File, Format Version 12.00
# Visual Studio Version 16
VisualStudioVersion = 16.0.31729.503
MinimumVisualStudioVersion = 10.0.40219.1
Project("{FAE04EC0-301F-11D3-BF4B-00C04F79EFBC}") = "TADemo", "TADemo\TADemo.csproj", "{C2DD20C2-733E-4AAF-A96B-9D10F888AA9B}"
EndProject
Global
	GlobalSection(SolutionConfigurationPlatforms) = preSolution
		Debug|Any CPU = Debug|Any CPU
		Release|Any CPU = Release|Any CPU
	EndGlobalSection
	GlobalSection(ProjectConfigurationPlatforms) = postSolution
		{C2DD20C2-733E-4AAF-A96B-9D10F888AA9B}.Debug|Any CPU.ActiveCfg = Debug|Any CPU
		{C2DD20C2-733E-4AAF-A96B-9D10F888AA9B}.Debug|Any CPU.Build.0 = Debug|Any CPU
		{C2DD20C2-733E-4AAF-A96B-9D10F888AA9B}.Release|Any CPU.ActiveCfg = Release|Any CPU
		{C2DD20C2-733E-4AAF-A96B-9D10F888AA9B}.Release|Any CPU.Build.0 = Release|Any CPU
	EndGlobalSection
	GlobalSection(SolutionProperties) = preSolution
		HideSolutionNode = FALSE
	EndGlobalSection
	GlobalSection(ExtensibilityGlobals) = postSolution
		SolutionGuid = {63A6E1B1-3E3C-49CB-A35A-809E1E174544}
	EndGlobalSection
EndGlobal
